--- 
dependencies: 
  sinatra: 
    group: 
    - :default
    version: ">= 1.0.0"
  shindo: 
    group: 
    - :default
    version: ">= 0.1.6"
specs: 
- formatador: 
    version: 0.0.14
- gestalt: 
    version: 0.0.11
- rack: 
    version: 1.2.1
- shindo: 
    version: 0.1.6
- sinatra: 
    version: "1.0"
hash: 9adf3b02a8b174a035b90ed32832b2371ad62bca
sources: []

